
Microsoft Visual Studio Solution File, Format Version 12.00
# Visual Studio Version 16
VisualStudioVersion = 16.0.30011.22
MinimumVisualStudioVersion = 10.0.40219.1
Project("{9A19103F-16F7-4668-BE54-9A1E7A4F7556}") = "Emux.GameBoy", "Emux.GameBoy\Emux.GameBoy.csproj", "{BC59C22A-6BA1-45E8-9E39-B995B748B8DE}"
EndProject
Project("{FAE04EC0-301F-11D3-BF4B-00C04F79EFBC}") = "Emux", "Emux\Emux.csproj", "{8D23BA7C-0EB8-4C73-BF04-0EDFC0542F17}"
EndProject
Project("{9A19103F-16F7-4668-BE54-9A1E7A4F7556}") = "Emux.MonoGame", "Emux.MonoGame\Emux.MonoGame.csproj", "{A8CDE19D-11F0-47AB-8391-EFF20F3532FB}"
EndProject
Project("{9A19103F-16F7-4668-BE54-9A1E7A4F7556}") = "Emux.NAudio", "Emux.NAudio\Emux.NAudio.csproj", "{D22215C8-3A0F-49DE-A663-D8FF12349215}"
EndProject
Project("{9A19103F-16F7-4668-BE54-9A1E7A4F7556}") = "Automation", "Automation\Automation.csproj", "{D32ED225-D1DF-470D-90BC-FB15A2302D0D}"
EndProject
Project("{FAE04EC0-301F-11D3-BF4B-00C04F79EFBC}") = "Common", "Common\Common.csproj", "{1BDD1418-B4BB-4A72-AD21-DE77DC95B00E}"
EndProject
Project("{FAE04EC0-301F-11D3-BF4B-00C04F79EFBC}") = "Emux.GameBoy.Tests", "Emux.GameBoy.Tests\Emux.GameBoy.Tests.csproj", "{2B3E541C-8B71-485D-B41B-233DFF3B7F87}"
EndProject
Global
	GlobalSection(SolutionConfigurationPlatforms) = preSolution
		Debug|Any CPU = Debug|Any CPU
		Release|Any CPU = Release|Any CPU
	EndGlobalSection
	GlobalSection(ProjectConfigurationPlatforms) = postSolution
		{BC59C22A-6BA1-45E8-9E39-B995B748B8DE}.Debug|Any CPU.ActiveCfg = Debug|Any CPU
		{BC59C22A-6BA1-45E8-9E39-B995B748B8DE}.Debug|Any CPU.Build.0 = Debug|Any CPU
		{BC59C22A-6BA1-45E8-9E39-B995B748B8DE}.Release|Any CPU.ActiveCfg = Release|Any CPU
		{BC59C22A-6BA1-45E8-9E39-B995B748B8DE}.Release|Any CPU.Build.0 = Release|Any CPU
		{8D23BA7C-0EB8-4C73-BF04-0EDFC0542F17}.Debug|Any CPU.ActiveCfg = Debug|Any CPU
		{8D23BA7C-0EB8-4C73-BF04-0EDFC0542F17}.Debug|Any CPU.Build.0 = Debug|Any CPU
		{8D23BA7C-0EB8-4C73-BF04-0EDFC0542F17}.Release|Any CPU.ActiveCfg = Release|Any CPU
		{8D23BA7C-0EB8-4C73-BF04-0EDFC0542F17}.Release|Any CPU.Build.0 = Release|Any CPU
		{A8CDE19D-11F0-47AB-8391-EFF20F3532FB}.Debug|Any CPU.ActiveCfg = Debug|Any CPU
		{A8CDE19D-11F0-47AB-8391-EFF20F3532FB}.Debug|Any CPU.Build.0 = Debug|Any CPU
		{A8CDE19D-11F0-47AB-8391-EFF20F3532FB}.Release|Any CPU.ActiveCfg = Release|Any CPU
		{A8CDE19D-11F0-47AB-8391-EFF20F3532FB}.Release|Any CPU.Build.0 = Release|Any CPU
		{D22215C8-3A0F-49DE-A663-D8FF12349215}.Debug|Any CPU.ActiveCfg = Debug|Any CPU
		{D22215C8-3A0F-49DE-A663-D8FF12349215}.Debug|Any CPU.Build.0 = Debug|Any CPU
		{D22215C8-3A0F-49DE-A663-D8FF12349215}.Release|Any CPU.ActiveCfg = Release|Any CPU
		{D22215C8-3A0F-49DE-A663-D8FF12349215}.Release|Any CPU.Build.0 = Release|Any CPU
		{D32ED225-D1DF-470D-90BC-FB15A2302D0D}.Debug|Any CPU.ActiveCfg = Debug|Any CPU
		{D32ED225-D1DF-470D-90BC-FB15A2302D0D}.Debug|Any CPU.Build.0 = Debug|Any CPU
		{D32ED225-D1DF-470D-90BC-FB15A2302D0D}.Release|Any CPU.ActiveCfg = Release|Any CPU
		{D32ED225-D1DF-470D-90BC-FB15A2302D0D}.Release|Any CPU.Build.0 = Release|Any CPU
		{1BDD1418-B4BB-4A72-AD21-DE77DC95B00E}.Debug|Any CPU.ActiveCfg = Debug|Any CPU
		{1BDD1418-B4BB-4A72-AD21-DE77DC95B00E}.Debug|Any CPU.Build.0 = Debug|Any CPU
		{1BDD1418-B4BB-4A72-AD21-DE77DC95B00E}.Release|Any CPU.ActiveCfg = Release|Any CPU
		{1BDD1418-B4BB-4A72-AD21-DE77DC95B00E}.Release|Any CPU.Build.0 = Release|Any CPU
		{2B3E541C-8B71-485D-B41B-233DFF3B7F87}.Debug|Any CPU.ActiveCfg = Debug|Any CPU
		{2B3E541C-8B71-485D-B41B-233DFF3B7F87}.Debug|Any CPU.Build.0 = Debug|Any CPU
		{2B3E541C-8B71-485D-B41B-233DFF3B7F87}.Release|Any CPU.ActiveCfg = Release|Any CPU
		{2B3E541C-8B71-485D-B41B-233DFF3B7F87}.Release|Any CPU.Build.0 = Release|Any CPU
	EndGlobalSection
	GlobalSection(SolutionProperties) = preSolution
		HideSolutionNode = FALSE
	EndGlobalSection
	GlobalSection(ExtensibilityGlobals) = postSolution
		SolutionGuid = {42C46053-79F4-4C8B-AAC7-072F548BA938}
	EndGlobalSection
	GlobalSection(Performance) = preSolution
		HasPerformanceSessions = true
	EndGlobalSection
EndGlobal
